<?xml version="1.0" encoding="utf-8"?>
<Project ToolsVersion="4.0" xmlns="http://schemas.microsoft.com/developer/msbuild/2003">
  <ItemGroup>
    <Filter Include="Gaea">
      <UniqueIdentifier>{73A8857C-5FDF-860D-08CC-6C10F4E1020F}</UniqueIdentifier>
    </Filter>
  </ItemGroup>
  <ItemGroup>
    <ClInclude Include="src\Gaea.h" />
    <ClInclude Include="src\Gaea\Application.h">
      <Filter>Gaea</Filter>
    </ClInclude>
    <ClInclude Include="src\Gaea\Core.h">
      <Filter>Gaea</Filter>
    </ClInclude>
    <ClInclude Include="src\Gaea\EntryPoint.h">
      <Filter>Gaea</Filter>
    </ClInclude>
    <ClInclude Include="src\Gaea\Log.h">
      <Filter>Gaea</Filter>
    </ClInclude>
  </ItemGroup>
  <ItemGroup>
    <ClCompile Include="src\Gaea\Application.cpp">
      <Filter>Gaea</Filter>
    </ClCompile>
    <ClCompile Include="src\Gaea\Log.cpp">
      <Filter>Gaea</Filter>
    </ClCompile>
  </ItemGroup>
</Project>