<?xml version="1.0" encoding="utf-8"?>
<Project ToolsVersion="4.0" xmlns="http://schemas.microsoft.com/developer/msbuild/2003">
  <ItemGroup>
    <Filter Include="Gaea">
      <UniqueIdentifier>{73A8857C-5FDF-860D-08CC-6C10F4E1020F}</UniqueIdentifier>
    </Filter>
    <Filter Include="Gaea\Events">
      <UniqueIdentifier>{F7F4A0B5-63AA-19AB-EC9E-1382585310AF}</UniqueIdentifier>
    </Filter>
    <Filter Include="Gaea\Platform">
      <UniqueIdentifier>{2716D0BD-93D6-4BF4-5C11-9571C89090D0}</UniqueIdentifier>
    </Filter>
    <Filter Include="Gaea\Platform\Windows">
      <UniqueIdentifier>{61F78884-CD63-447F-9657-DCDC028366E7}</UniqueIdentifier>
    </Filter>
  </ItemGroup>
  <ItemGroup>
    <ClInclude Include="src\Gaea.h" />
    <ClInclude Include="src\Gaea\Application.h">
      <Filter>Gaea</Filter>
    </ClInclude>
    <ClInclude Include="src\Gaea\Core.h">
      <Filter>Gaea</Filter>
    </ClInclude>
    <ClInclude Include="src\Gaea\EntryPoint.h">
      <Filter>Gaea</Filter>
    </ClInclude>
    <ClInclude Include="src\Gaea\Events\ApplicationEvent.h">
      <Filter>Gaea\Events</Filter>
    </ClInclude>
    <ClInclude Include="src\Gaea\Events\Event.h">
      <Filter>Gaea\Events</Filter>
    </ClInclude>
    <ClInclude Include="src\Gaea\Events\KeyEvent.h">
      <Filter>Gaea\Events</Filter>
    </ClInclude>
    <ClInclude Include="src\Gaea\Events\MouseEvent.h">
      <Filter>Gaea\Events</Filter>
    </ClInclude>
    <ClInclude Include="src\Gaea\Layer.h">
      <Filter>Gaea</Filter>
    </ClInclude>
    <ClInclude Include="src\Gaea\LayerStack.h">
      <Filter>Gaea</Filter>
    </ClInclude>
    <ClInclude Include="src\Gaea\Log.h">
      <Filter>Gaea</Filter>
    </ClInclude>
    <ClInclude Include="src\Gaea\Platform\Windows\WindowsWindow.h">
      <Filter>Gaea\Platform\Windows</Filter>
    </ClInclude>
    <ClInclude Include="src\Gaea\Window.h">
      <Filter>Gaea</Filter>
    </ClInclude>
    <ClInclude Include="src\gapch.h" />
  </ItemGroup>
  <ItemGroup>
    <ClCompile Include="src\Gaea\Application.cpp">
      <Filter>Gaea</Filter>
    </ClCompile>
    <ClCompile Include="src\Gaea\Layer.cpp">
      <Filter>Gaea</Filter>
    </ClCompile>
    <ClCompile Include="src\Gaea\LayerStack.cpp">
      <Filter>Gaea</Filter>
    </ClCompile>
    <ClCompile Include="src\Gaea\Log.cpp">
      <Filter>Gaea</Filter>
    </ClCompile>
    <ClCompile Include="src\Gaea\Platform\Windows\WindowsWindow.cpp">
      <Filter>Gaea\Platform\Windows</Filter>
    </ClCompile>
    <ClCompile Include="src\gapch.cpp" />
  </ItemGroup>
</Project>